<?xml version="1.0" encoding="utf-8"?>
<Project ToolsVersion="4.0" xmlns="http://schemas.microsoft.com/developer/msbuild/2003">
  <ItemGroup>
    <Filter Include="Source Files">
      <UniqueIdentifier>{4FC737F1-C7A5-4376-A066-2A32D752A2FF}</UniqueIdentifier>
      <Extensions>cpp;c;cc;cxx;c++;cppm;ixx;def;odl;idl;hpj;bat;asm;asmx</Extensions>
    </Filter>
    <Filter Include="Header Files">
      <UniqueIdentifier>{93995380-89BD-4b04-88EB-625FBE52EBFB}</UniqueIdentifier>
      <Extensions>h;hh;hpp;hxx;h++;hm;inl;inc;ipp;xsd</Extensions>
    </Filter>
    <Filter Include="Resource Files">
      <UniqueIdentifier>{67DA6AB6-F800-4c08-8B7A-83BB121AAD01}</UniqueIdentifier>
      <Extensions>rc;ico;cur;bmp;dlg;rc2;rct;bin;rgs;gif;jpg;jpeg;jpe;resx;tiff;tif;png;wav;mfcribbon-ms</Extensions>
    </Filter>
  </ItemGroup>
  <ItemGroup>
    <ClInclude Include="src\legacy\framework.h">
      <Filter>Header Files</Filter>
    </ClInclude>
    <ClInclude Include="src\legacy\targetver.h">
      <Filter>Header Files</Filter>
    </ClInclude>
    <ClInclude Include="src\legacy\QueryEngine.h">
      <Filter>Header Files</Filter>
    </ClInclude>
    <ClInclude Include="src\legacy\StringPool.h">
      <Filter>Header Files</Filter>
    </ClInclude>
    <ClInclude Include="src\legacy\StringUtils.h">
      <Filter>Header Files</Filter>
    </ClInclude>
    <ClInclude Include="src\legacy\Resource.h">
      <Filter>Header Files</Filter>
    </ClInclude>
    <ClInclude Include="src\legacy\WhereIsIt.h">
      <Filter>Header Files</Filter>
    </ClInclude>
    <ClInclude Include="src\legacy\CoreTypes.h">
      <Filter>Header Files</Filter>
    </ClInclude>
    <ClInclude Include="src\legacy\Engine.h">
      <Filter>Header Files</Filter>
    </ClInclude>
    <ClInclude Include="src\legacy\IDriveEnumerator.h">
      <Filter>Header Files</Filter>
    </ClInclude>
    <ClInclude Include="src\legacy\IUsnJournalReader.h">
      <Filter>Header Files</Filter>
    </ClInclude>
    <ClInclude Include="src\legacy\UsnJournalReaderWin32.h">
      <Filter>Header Files</Filter>
    </ClInclude>
    <ClInclude Include="src\legacy\DriveEnumeratorWin32.h">
      <Filter>Header Files</Filter>
    </ClInclude>
    <ClInclude Include="src\legacy\ServiceIPC.h">
      <Filter>Header Files</Filter>
    </ClInclude>
    <ClInclude Include="src\legacy\Logging.h">
      <Filter>Header Files</Filter>
    </ClInclude>
    <ClInclude Include="src\legacy\PathSizeDomain.h">
      <Filter>Header Files</Filter>
    </ClInclude>
    <ClInclude Include="src\legacy\QueryDomain.h">
      <Filter>Header Files</Filter>
    </ClInclude>
    <ClInclude Include="src\legacy\SortService.h">
      <Filter>Header Files</Filter>
    </ClInclude>
  </ItemGroup>
  <ItemGroup>
    <ClCompile Include="src\legacy\WhereIsIt.cpp">
      <Filter>Source Files</Filter>
    </ClCompile>
    <ClCompile Include="src\legacy\Engine.cpp">
      <Filter>Source Files</Filter>
    </ClCompile>
    <ClCompile Include="src\legacy\DriveEnumeratorWin32.cpp">
      <Filter>Source Files</Filter>
    </ClCompile>
    <ClCompile Include="src\legacy\UsnJournalReaderWin32.cpp">
      <Filter>Source Files</Filter>
    </ClCompile>
    <ClCompile Include="src\legacy\PathSizeDomain.cpp">
      <Filter>Source Files</Filter>
    </ClCompile>
    <ClCompile Include="src\legacy\QueryEngine.cpp">
      <Filter>Source Files</Filter>
    </ClCompile>
    <ClCompile Include="src\legacy\StringUtils.cpp">
      <Filter>Source Files</Filter>
    </ClCompile>
    <ClCompile Include="src\legacy\Utils.cpp">
      <Filter>Source Files</Filter>
    </ClCompile>
    <ClCompile Include="src\legacy\StringPool.cpp">
      <Filter>Source Files</Filter>
    </ClCompile>
    <ClCompile Include="src\legacy\ServiceIPC.cpp">
      <Filter>Source Files</Filter>
    </ClCompile>
    <ClCompile Include="src\legacy\QueryDomain.cpp">
      <Filter>Source Files</Filter>
    </ClCompile>
    <ClCompile Include="src\legacy\SortService.cpp">
      <Filter>Source Files</Filter>
    </ClCompile>
  </ItemGroup>
  <ItemGroup>
    <ResourceCompile Include="src\legacy\WhereIsIt.rc">
      <Filter>Resource Files</Filter>
    </ResourceCompile>
  </ItemGroup>
  <ItemGroup>
    <Image Include="src\legacy\WhereIsIt.ico">
      <Filter>Resource Files</Filter>
    </Image>
  </ItemGroup>
</Project>
